
Microsoft Visual Studio Solution File, Format Version 12.00
# Blend for Visual Studio Version 16
VisualStudioVersion = 16.0.30114.105
MinimumVisualStudioVersion = 10.0.40219.1
Project("{FAE04EC0-301F-11D3-BF4B-00C04F79EFBC}") = "GpMoonPdfViewer", "GpMoonPdfViewer\GpMoonPdfViewer.csproj", "{1DC5B602-B301-4E37-80D5-3CA7BF58AAF5}"
EndProject
Global
	GlobalSection(SolutionConfigurationPlatforms) = preSolution
		Debug|Any CPU = Debug|Any CPU
		Release|Any CPU = Release|Any CPU
	EndGlobalSection
	GlobalSection(ProjectConfigurationPlatforms) = postSolution
		{1DC5B602-B301-4E37-80D5-3CA7BF58AAF5}.Debug|Any CPU.ActiveCfg = Debug|Any CPU
		{1DC5B602-B301-4E37-80D5-3CA7BF58AAF5}.Debug|Any CPU.Build.0 = Debug|Any CPU
		{1DC5B602-B301-4E37-80D5-3CA7BF58AAF5}.Release|Any CPU.ActiveCfg = Release|Any CPU
		{1DC5B602-B301-4E37-80D5-3CA7BF58AAF5}.Release|Any CPU.Build.0 = Release|Any CPU
	EndGlobalSection
	GlobalSection(SolutionProperties) = preSolution
		HideSolutionNode = FALSE
	EndGlobalSection
	GlobalSection(ExtensibilityGlobals) = postSolution
		SolutionGuid = {FAD53B37-9BE1-491D-89CD-A244DD19CDC8}
	EndGlobalSection
EndGlobal
